{
  "object": {
    "pins": [
      {
        "package": "SheetKit",
        "repositoryURL": "https://github.com/fatbobman/SheetKit.git",
        "state": {
          "branch": null,
          "revision": "daadabc0f142e2e96a210d19c436b8e2c4bdeb46",
          "version": "0.1.0"
        }
      },
      {
        "package": "SwiftFormat",
        "repositoryURL": "https://github.com/nicklockwood/SwiftFormat",
        "state": {
          "branch": null,
          "revision": "7b0f378f580d8f2fd8c4df8eece0f798d9b855b9",
          "version": "0.52.7"
        }
      }
    ]
  },
  "version": 1
}
